
Microsoft Visual Studio Solution File, Format Version 11.00
# Visual Studio 2010
Project("{FAE04EC0-301F-11D3-BF4B-00C04F79EFBC}") = "TYAJZWeb", "TYAJZWeb\TYAJZWeb.csproj", "{01A66AEE-01E8-4F18-90E7-BC10588F9252}"
EndProject
Global
	GlobalSection(TeamFoundationVersionControl) = preSolution
		SccNumberOfProjects = 2
		SccEnterpriseProvider = {4CA58AB2-18FA-4F8D-95D4-32DDF27D184C}
		SccTeamFoundationServer = https://tfs.codeplex.com/tfs/tfs14
		SccLocalPath0 = .
		SccProjectUniqueName1 = TYAJZWeb\\TYAJZWeb.csproj
		SccProjectName1 = TYAJZWeb
		SccLocalPath1 = TYAJZWeb
	EndGlobalSection
	GlobalSection(SolutionConfigurationPlatforms) = preSolution
		Debug|Any CPU = Debug|Any CPU
		Release|Any CPU = Release|Any CPU
	EndGlobalSection
	GlobalSection(ProjectConfigurationPlatforms) = postSolution
		{01A66AEE-01E8-4F18-90E7-BC10588F9252}.Debug|Any CPU.ActiveCfg = Debug|Any CPU
		{01A66AEE-01E8-4F18-90E7-BC10588F9252}.Debug|Any CPU.Build.0 = Debug|Any CPU
		{01A66AEE-01E8-4F18-90E7-BC10588F9252}.Release|Any CPU.ActiveCfg = Release|Any CPU
		{01A66AEE-01E8-4F18-90E7-BC10588F9252}.Release|Any CPU.Build.0 = Release|Any CPU
	EndGlobalSection
	GlobalSection(SolutionProperties) = preSolution
		HideSolutionNode = FALSE
	EndGlobalSection
EndGlobal
